
Microsoft Visual Studio Solution File, Format Version 12.00
Project("{F2A71F9B-5D33-465A-A702-920D77279786}") = "Lab1", "Lab1\Lab1.fsproj", "{D0076A42-8342-42F7-983B-45AA449E54E5}"
EndProject
Project("{F2A71F9B-5D33-465A-A702-920D77279786}") = "Lab2", "Lab2\Lab2.fsproj", "{453C000D-F9A0-4A00-B4CC-DA59FED066A6}"
EndProject
Global
	GlobalSection(SolutionConfigurationPlatforms) = preSolution
		Debug|Any CPU = Debug|Any CPU
		Release|Any CPU = Release|Any CPU
	EndGlobalSection
	GlobalSection(ProjectConfigurationPlatforms) = postSolution
		{D0076A42-8342-42F7-983B-45AA449E54E5}.Debug|Any CPU.ActiveCfg = Debug|Any CPU
		{D0076A42-8342-42F7-983B-45AA449E54E5}.Debug|Any CPU.Build.0 = Debug|Any CPU
		{D0076A42-8342-42F7-983B-45AA449E54E5}.Release|Any CPU.ActiveCfg = Release|Any CPU
		{D0076A42-8342-42F7-983B-45AA449E54E5}.Release|Any CPU.Build.0 = Release|Any CPU
		{453C000D-F9A0-4A00-B4CC-DA59FED066A6}.Debug|Any CPU.ActiveCfg = Debug|Any CPU
		{453C000D-F9A0-4A00-B4CC-DA59FED066A6}.Debug|Any CPU.Build.0 = Debug|Any CPU
		{453C000D-F9A0-4A00-B4CC-DA59FED066A6}.Release|Any CPU.ActiveCfg = Release|Any CPU
		{453C000D-F9A0-4A00-B4CC-DA59FED066A6}.Release|Any CPU.Build.0 = Release|Any CPU
	EndGlobalSection
EndGlobal
